{
  "name": "master_codes",
  "lockfileVersion": 3,
  "requires": true,
  "packages": {
    "": {
      "dependencies": {
        "fuzzywuzzy": "^0.1.0",
        "pandas": "^0.0.3"
      }
    },
    "node_modules/fuzzywuzzy": {
      "version": "0.1.0",
      "resolved": "https://registry.npmjs.org/fuzzywuzzy/-/fuzzywuzzy-0.1.0.tgz",
      "integrity": "sha512-yFUlarN8KBlqjO88Xub0jbhTMDNgbhGMIkXHCTMFdF7qpQbRo/WLbE5eBGivEeUbxbuHRtuj52C4IfddLhTHLA==",
      "license": "Apache-2.0"
    },
    "node_modules/pandas": {
      "version": "0.0.3",
      "resolved": "https://registry.npmjs.org/pandas/-/pandas-0.0.3.tgz",
      "integrity": "sha512-b6b0XOuj8mvj2Kn6qfcvPmb0ILCcbuep5VYZche3730P9cXQcvarbbvWJxwXkxc3OXyGFYjJ4kozjX5ZXXMrsw==",
      "license": "WTFPL"
    }
  }
}
